{
    "_readme": [
        "This file locks the dependencies of your project to a known state",
        "Read more about it at https://getcomposer.org/doc/01-basic-usage.md#composer-lock-the-lock-file",
        "This file is @generated automatically"
    ],
    "content-hash": "e48629660c9865b80b73861e90684c69",
    "packages": [
        {
            "name": "bndr/imgur-php-wrapper",
            "version": "1.0.0",
            "source": {
                "type": "git",
                "url": "https://github.com/bndr/imgur-php-wrapper.git",
                "reference": "9cd9ecdd7e6f80492f1c584dfa4402b72368a724"
            },
            "dist": {
                "type": "zip",
                "url": "https://api.github.com/repos/bndr/imgur-php-wrapper/zipball/9cd9ecdd7e6f80492f1c584dfa4402b72368a724",
                "reference": "9cd9ecdd7e6f80492f1c584dfa4402b72368a724",
                "shasum": ""
            },
            "type": "library",
            "autoload": {
                "psr-4": {
                    "": "classes/"
                }
            },
            "notification-url": "https://packagist.org/downloads/",
            "license": [
                "Apache-2.0"
            ],
            "authors": [
                {
                    "name": "Vadim Kravcenko",
                    "email": "vadim.kravcenko@gmail.com"
                }
            ],
            "description": "Imgur API php client for easy usage",
            "time": "2015-12-31T15:08:21+00:00"
        }
    ],
    "packages-dev": [],
    "aliases": [],
    "minimum-stability": "stable",
    "stability-flags": [],
    "prefer-stable": false,
    "prefer-lowest": false,
    "platform": [],
    "platform-dev": []
}
